
Microsoft Visual Studio Solution File, Format Version 12.00
# Visual Studio 15
VisualStudioVersion = 15.0.28307.1433
MinimumVisualStudioVersion = 10.0.40219.1
Project("{FAE04EC0-301F-11D3-BF4B-00C04F79EFBC}") = "TITLE POINT", "TITLE POINT\TITLE POINT.csproj", "{F4B6002B-ABFF-461B-8C69-37CFA6862ACB}"
EndProject
Project("{FAE04EC0-301F-11D3-BF4B-00C04F79EFBC}") = "PageObject", "PageObject\PageObject.csproj", "{3E2AF018-39DA-4883-BB1D-924E2F2F7483}"
EndProject
Project("{FAE04EC0-301F-11D3-BF4B-00C04F79EFBC}") = "Core", "Core\Core.csproj", "{ECBB7D2C-18A2-4944-B25A-AC6B38EAC804}"
EndProject
Project("{FAE04EC0-301F-11D3-BF4B-00C04F79EFBC}") = "Action", "Action\Action.csproj", "{0DB6B226-AA12-4F52-9057-4F67B82EFB01}"
EndProject
Global
	GlobalSection(SolutionConfigurationPlatforms) = preSolution
		Debug|Any CPU = Debug|Any CPU
		Release|Any CPU = Release|Any CPU
	EndGlobalSection
	GlobalSection(ProjectConfigurationPlatforms) = postSolution
		{F4B6002B-ABFF-461B-8C69-37CFA6862ACB}.Debug|Any CPU.ActiveCfg = Debug|Any CPU
		{F4B6002B-ABFF-461B-8C69-37CFA6862ACB}.Debug|Any CPU.Build.0 = Debug|Any CPU
		{F4B6002B-ABFF-461B-8C69-37CFA6862ACB}.Release|Any CPU.ActiveCfg = Release|Any CPU
		{F4B6002B-ABFF-461B-8C69-37CFA6862ACB}.Release|Any CPU.Build.0 = Release|Any CPU
		{3E2AF018-39DA-4883-BB1D-924E2F2F7483}.Debug|Any CPU.ActiveCfg = Debug|Any CPU
		{3E2AF018-39DA-4883-BB1D-924E2F2F7483}.Debug|Any CPU.Build.0 = Debug|Any CPU
		{3E2AF018-39DA-4883-BB1D-924E2F2F7483}.Release|Any CPU.ActiveCfg = Release|Any CPU
		{3E2AF018-39DA-4883-BB1D-924E2F2F7483}.Release|Any CPU.Build.0 = Release|Any CPU
		{ECBB7D2C-18A2-4944-B25A-AC6B38EAC804}.Debug|Any CPU.ActiveCfg = Debug|Any CPU
		{ECBB7D2C-18A2-4944-B25A-AC6B38EAC804}.Debug|Any CPU.Build.0 = Debug|Any CPU
		{ECBB7D2C-18A2-4944-B25A-AC6B38EAC804}.Release|Any CPU.ActiveCfg = Release|Any CPU
		{ECBB7D2C-18A2-4944-B25A-AC6B38EAC804}.Release|Any CPU.Build.0 = Release|Any CPU
		{0DB6B226-AA12-4F52-9057-4F67B82EFB01}.Debug|Any CPU.ActiveCfg = Debug|Any CPU
		{0DB6B226-AA12-4F52-9057-4F67B82EFB01}.Debug|Any CPU.Build.0 = Debug|Any CPU
		{0DB6B226-AA12-4F52-9057-4F67B82EFB01}.Release|Any CPU.ActiveCfg = Release|Any CPU
		{0DB6B226-AA12-4F52-9057-4F67B82EFB01}.Release|Any CPU.Build.0 = Release|Any CPU
	EndGlobalSection
	GlobalSection(SolutionProperties) = preSolution
		HideSolutionNode = FALSE
	EndGlobalSection
	GlobalSection(ExtensibilityGlobals) = postSolution
		SolutionGuid = {838BDA86-9142-41C6-95FB-016DCB212D14}
	EndGlobalSection
EndGlobal
